
Microsoft Visual Studio Solution File, Format Version 12.00
# Visual Studio Version 17
VisualStudioVersion = 17.5.002.0
MinimumVisualStudioVersion = 10.0.40219.1
Project("{9A19103F-16F7-4668-BE54-9A1E7A4F7556}") = "estaticos", "estaticos.csproj", "{B77F113F-6011-4A4B-AA5C-0824137A973E}"
EndProject
Global
	GlobalSection(SolutionConfigurationPlatforms) = preSolution
		Debug|Any CPU = Debug|Any CPU
		Release|Any CPU = Release|Any CPU
	EndGlobalSection
	GlobalSection(ProjectConfigurationPlatforms) = postSolution
		{B77F113F-6011-4A4B-AA5C-0824137A973E}.Debug|Any CPU.ActiveCfg = Debug|Any CPU
		{B77F113F-6011-4A4B-AA5C-0824137A973E}.Debug|Any CPU.Build.0 = Debug|Any CPU
		{B77F113F-6011-4A4B-AA5C-0824137A973E}.Release|Any CPU.ActiveCfg = Release|Any CPU
		{B77F113F-6011-4A4B-AA5C-0824137A973E}.Release|Any CPU.Build.0 = Release|Any CPU
	EndGlobalSection
	GlobalSection(SolutionProperties) = preSolution
		HideSolutionNode = FALSE
	EndGlobalSection
	GlobalSection(ExtensibilityGlobals) = postSolution
		SolutionGuid = {10749E22-6899-47E7-933B-73151C1B296D}
	EndGlobalSection
EndGlobal
